// !$*UTF8*$!
{
	archiveVersion = 1;
	classes = {
	};
	objectVersion = 50;
	objects = {

/* Begin PBXBuildFile section */
		560E018D260B5CC900DDE5E6 /* apiManager.swift in Sources */ = {isa = PBXBuildFile; fileRef = 560E018C260B5CC900DDE5E6 /* apiManager.swift */; };
		5621257824670913007B7459 /* CoreLocation.framework in Frameworks */ = {isa = PBXBuildFile; fileRef = 5621257724670913007B7459 /* CoreLocation.framework */; };
		56247B61260A2CFF00A61063 /* NetworkDataFetcher.swift in Sources */ = {isa = PBXBuildFile; fileRef = 56247B60260A2CFE00A61063 /* NetworkDataFetcher.swift */; };
		5643263524548CDF0011A044 /* SearchViewController.swift in Sources */ = {isa = PBXBuildFile; fileRef = 5643263424548CDF0011A044 /* SearchViewController.swift */; };
		5643263B2454C9960011A044 /* DataFetcherService.swift in Sources */ = {isa = PBXBuildFile; fileRef = 5643263A2454C9960011A044 /* DataFetcherService.swift */; };
		5678723E247F09AC00A42970 /* Alert.swift in Sources */ = {isa = PBXBuildFile; fileRef = 5678723D247F09AC00A42970 /* Alert.swift */; };
		567C846224267FDD00D4A8CC /* AppDelegate.swift in Sources */ = {isa = PBXBuildFile; fileRef = 567C846124267FDD00D4A8CC /* AppDelegate.swift */; };
		567C846424267FDD00D4A8CC /* SceneDelegate.swift in Sources */ = {isa = PBXBuildFile; fileRef = 567C846324267FDD00D4A8CC /* SceneDelegate.swift */; };
		567C846624267FDD00D4A8CC /* LocationViewController.swift in Sources */ = {isa = PBXBuildFile; fileRef = 567C846524267FDD00D4A8CC /* LocationViewController.swift */; };
		567C846924267FDD00D4A8CC /* Main.storyboard in Resources */ = {isa = PBXBuildFile; fileRef = 567C846724267FDD00D4A8CC /* Main.storyboard */; };
		567C846B24267FDE00D4A8CC /* Assets.xcassets in Resources */ = {isa = PBXBuildFile; fileRef = 567C846A24267FDE00D4A8CC /* Assets.xcassets */; };
		567C846E24267FDF00D4A8CC /* LaunchScreen.storyboard in Resources */ = {isa = PBXBuildFile; fileRef = 567C846C24267FDF00D4A8CC /* LaunchScreen.storyboard */; };
		5699AFAE247A9A90002AB8F5 /* FavoriteTableViewController.swift in Sources */ = {isa = PBXBuildFile; fileRef = 5699AFAD247A9A90002AB8F5 /* FavoriteTableViewController.swift */; };
		5699AFB2247AD1DA002AB8F5 /* UserSettings.swift in Sources */ = {isa = PBXBuildFile; fileRef = 5699AFB1247AD1DA002AB8F5 /* UserSettings.swift */; };
		5699AFB4247B151C002AB8F5 /* FavoriteViewController.swift in Sources */ = {isa = PBXBuildFile; fileRef = 5699AFB3247B151C002AB8F5 /* FavoriteViewController.swift */; };
		56ACDCE3260B4D78007ECE8F /* OpenWeatherAPI.swift in Sources */ = {isa = PBXBuildFile; fileRef = 56ACDCE2260B4D78007ECE8F /* OpenWeatherAPI.swift */; };
		56B9904F246332FA0002F5D9 /* Gradient.swift in Sources */ = {isa = PBXBuildFile; fileRef = 56B9904E246332FA0002F5D9 /* Gradient.swift */; };
		56B990512463374A0002F5D9 /* Image.swift in Sources */ = {isa = PBXBuildFile; fileRef = 56B990502463374A0002F5D9 /* Image.swift */; };
		56DB0983244E0FD7004AECD2 /* WeatherStruct.swift in Sources */ = {isa = PBXBuildFile; fileRef = 56DB0982244E0FD7004AECD2 /* WeatherStruct.swift */; };
		BB6E6E4438A96C063C72FD73 /* Pods_WeatherApp.framework in Frameworks */ = {isa = PBXBuildFile; fileRef = 8278522C2292ACFE230A741D /* Pods_WeatherApp.framework */; };
/* End PBXBuildFile section */

/* Begin PBXFileReference section */
		3CA0C66B610010D28E9B7BDC /* Pods-WeatherApp.debug.xcconfig */ = {isa = PBXFileReference; includeInIndex = 1; lastKnownFileType = text.xcconfig; name = "Pods-WeatherApp.debug.xcconfig"; path = "Target Support Files/Pods-WeatherApp/Pods-WeatherApp.debug.xcconfig"; sourceTree = "<group>"; };
		4B4B0541A2F08CA1CB295666 /* Pods-WeatherApp.release.xcconfig */ = {isa = PBXFileReference; includeInIndex = 1; lastKnownFileType = text.xcconfig; name = "Pods-WeatherApp.release.xcconfig"; path = "Target Support Files/Pods-WeatherApp/Pods-WeatherApp.release.xcconfig"; sourceTree = "<group>"; };
		560E018C260B5CC900DDE5E6 /* apiManager.swift */ = {isa = PBXFileReference; lastKnownFileType = sourcecode.swift; path = apiManager.swift; sourceTree = "<group>"; };
		5621257724670913007B7459 /* CoreLocation.framework */ = {isa = PBXFileReference; lastKnownFileType = wrapper.framework; name = CoreLocation.framework; path = System/Library/Frameworks/CoreLocation.framework; sourceTree = SDKROOT; };
		56247B60260A2CFE00A61063 /* NetworkDataFetcher.swift */ = {isa = PBXFileReference; lastKnownFileType = sourcecode.swift; path = NetworkDataFetcher.swift; sourceTree = "<group>"; };
		5643263424548CDF0011A044 /* SearchViewController.swift */ = {isa = PBXFileReference; lastKnownFileType = sourcecode.swift; path = SearchViewController.swift; sourceTree = "<group>"; };
		5643263A2454C9960011A044 /* DataFetcherService.swift */ = {isa = PBXFileReference; lastKnownFileType = sourcecode.swift; path = DataFetcherService.swift; sourceTree = "<group>"; };
		5678723D247F09AC00A42970 /* Alert.swift */ = {isa = PBXFileReference; lastKnownFileType = sourcecode.swift; path = Alert.swift; sourceTree = "<group>"; };
		567C845E24267FDD00D4A8CC /* WeatherApp.app */ = {isa = PBXFileReference; explicitFileType = wrapper.application; includeInIndex = 0; path = WeatherApp.app; sourceTree = BUILT_PRODUCTS_DIR; };
		567C846124267FDD00D4A8CC /* AppDelegate.swift */ = {isa = PBXFileReference; lastKnownFileType = sourcecode.swift; path = AppDelegate.swift; sourceTree = "<group>"; };
		567C846324267FDD00D4A8CC /* SceneDelegate.swift */ = {isa = PBXFileReference; lastKnownFileType = sourcecode.swift; path = SceneDelegate.swift; sourceTree = "<group>"; };
		567C846524267FDD00D4A8CC /* LocationViewController.swift */ = {isa = PBXFileReference; lastKnownFileType = sourcecode.swift; path = LocationViewController.swift; sourceTree = "<group>"; };
		567C846824267FDD00D4A8CC /* Base */ = {isa = PBXFileReference; lastKnownFileType = file.storyboard; name = Base; path = Base.lproj/Main.storyboard; sourceTree = "<group>"; };
		567C846A24267FDE00D4A8CC /* Assets.xcassets */ = {isa = PBXFileReference; lastKnownFileType = folder.assetcatalog; path = Assets.xcassets; sourceTree = "<group>"; };
		567C846D24267FDF00D4A8CC /* Base */ = {isa = PBXFileReference; lastKnownFileType = file.storyboard; name = Base; path = Base.lproj/LaunchScreen.storyboard; sourceTree = "<group>"; };
		567C846F24267FDF00D4A8CC /* Info.plist */ = {isa = PBXFileReference; lastKnownFileType = text.plist.xml; path = Info.plist; sourceTree = "<group>"; };
		5699AFAD247A9A90002AB8F5 /* FavoriteTableViewController.swift */ = {isa = PBXFileReference; lastKnownFileType = sourcecode.swift; path = FavoriteTableViewController.swift; sourceTree = "<group>"; };
		5699AFB1247AD1DA002AB8F5 /* UserSettings.swift */ = {isa = PBXFileReference; lastKnownFileType = sourcecode.swift; path = UserSettings.swift; sourceTree = "<group>"; };
		5699AFB3247B151C002AB8F5 /* FavoriteViewController.swift */ = {isa = PBXFileReference; lastKnownFileType = sourcecode.swift; path = FavoriteViewController.swift; sourceTree = "<group>"; };
		56ACDCE2260B4D78007ECE8F /* OpenWeatherAPI.swift */ = {isa = PBXFileReference; lastKnownFileType = sourcecode.swift; path = OpenWeatherAPI.swift; sourceTree = "<group>"; };
		56B9904E246332FA0002F5D9 /* Gradient.swift */ = {isa = PBXFileReference; lastKnownFileType = sourcecode.swift; path = Gradient.swift; sourceTree = "<group>"; };
		56B990502463374A0002F5D9 /* Image.swift */ = {isa = PBXFileReference; lastKnownFileType = sourcecode.swift; path = Image.swift; sourceTree = "<group>"; };
		56DB0982244E0FD7004AECD2 /* WeatherStruct.swift */ = {isa = PBXFileReference; lastKnownFileType = sourcecode.swift; path = WeatherStruct.swift; sourceTree = "<group>"; };
		8278522C2292ACFE230A741D /* Pods_WeatherApp.framework */ = {isa = PBXFileReference; explicitFileType = wrapper.framework; includeInIndex = 0; path = Pods_WeatherApp.framework; sourceTree = BUILT_PRODUCTS_DIR; };
/* End PBXFileReference section */

/* Begin PBXFrameworksBuildPhase section */
		567C845B24267FDD00D4A8CC /* Frameworks */ = {
			isa = PBXFrameworksBuildPhase;
			buildActionMask = 2147483647;
			files = (
				5621257824670913007B7459 /* CoreLocation.framework in Frameworks */,
				BB6E6E4438A96C063C72FD73 /* Pods_WeatherApp.framework in Frameworks */,
			);
			runOnlyForDeploymentPostprocessing = 0;
		};
/* End PBXFrameworksBuildPhase section */

/* Begin PBXGroup section */
		560F91792469DD10004B4B91 /* Controller */ = {
			isa = PBXGroup;
			children = (
				567C846524267FDD00D4A8CC /* LocationViewController.swift */,
				5643263424548CDF0011A044 /* SearchViewController.swift */,
				5699AFAD247A9A90002AB8F5 /* FavoriteTableViewController.swift */,
				5699AFB3247B151C002AB8F5 /* FavoriteViewController.swift */,
			);
			path = Controller;
			sourceTree = "<group>";
		};
		560F917C2469F6A7004B4B91 /* View */ = {
			isa = PBXGroup;
			children = (
				567C846724267FDD00D4A8CC /* Main.storyboard */,
				567C846C24267FDF00D4A8CC /* LaunchScreen.storyboard */,
			);
			path = View;
			sourceTree = "<group>";
		};
		5621257624670913007B7459 /* Frameworks */ = {
			isa = PBXGroup;
			children = (
				5621257724670913007B7459 /* CoreLocation.framework */,
				8278522C2292ACFE230A741D /* Pods_WeatherApp.framework */,
			);
			name = Frameworks;
			sourceTree = "<group>";
		};
		5643263C2454D2F40011A044 /* Model */ = {
			isa = PBXGroup;
			children = (
				56ACDCDC260B4D11007ECE8F /* Structs */,
				5699AFB1247AD1DA002AB8F5 /* UserSettings.swift */,
				5678723D247F09AC00A42970 /* Alert.swift */,
				56B990502463374A0002F5D9 /* Image.swift */,
				56B9904E246332FA0002F5D9 /* Gradient.swift */,
			);
			path = Model;
			sourceTree = "<group>";
		};
		5643263D2454D3120011A044 /* NetworkService */ = {
			isa = PBXGroup;
			children = (
				5643263A2454C9960011A044 /* DataFetcherService.swift */,
				56247B60260A2CFE00A61063 /* NetworkDataFetcher.swift */,
				560E018C260B5CC900DDE5E6 /* apiManager.swift */,
			);
			path = NetworkService;
			sourceTree = "<group>";
		};
		567C845524267FDD00D4A8CC = {
			isa = PBXGroup;
			children = (
				567C846024267FDD00D4A8CC /* WeatherApp */,
				567C845F24267FDD00D4A8CC /* Products */,
				5621257624670913007B7459 /* Frameworks */,
				DEF957DC3FC26DF8C08F2BEA /* Pods */,
			);
			sourceTree = "<group>";
		};
		567C845F24267FDD00D4A8CC /* Products */ = {
			isa = PBXGroup;
			children = (
				567C845E24267FDD00D4A8CC /* WeatherApp.app */,
			);
			name = Products;
			sourceTree = "<group>";
		};
		567C846024267FDD00D4A8CC /* WeatherApp */ = {
			isa = PBXGroup;
			children = (
				5643263C2454D2F40011A044 /* Model */,
				560F917C2469F6A7004B4B91 /* View */,
				560F91792469DD10004B4B91 /* Controller */,
				5643263D2454D3120011A044 /* NetworkService */,
				56D79C4F24C4A89100F2EDC2 /* Supporting files */,
			);
			path = WeatherApp;
			sourceTree = "<group>";
		};
		56ACDCDC260B4D11007ECE8F /* Structs */ = {
			isa = PBXGroup;
			children = (
				56DB0982244E0FD7004AECD2 /* WeatherStruct.swift */,
				56ACDCE2260B4D78007ECE8F /* OpenWeatherAPI.swift */,
			);
			path = Structs;
			sourceTree = "<group>";
		};
		56D79C4F24C4A89100F2EDC2 /* Supporting files */ = {
			isa = PBXGroup;
			children = (
				567C846124267FDD00D4A8CC /* AppDelegate.swift */,
				567C846324267FDD00D4A8CC /* SceneDelegate.swift */,
				567C846A24267FDE00D4A8CC /* Assets.xcassets */,
				567C846F24267FDF00D4A8CC /* Info.plist */,
			);
			path = "Supporting files";
			sourceTree = "<group>";
		};
		DEF957DC3FC26DF8C08F2BEA /* Pods */ = {
			isa = PBXGroup;
			children = (
				3CA0C66B610010D28E9B7BDC /* Pods-WeatherApp.debug.xcconfig */,
				4B4B0541A2F08CA1CB295666 /* Pods-WeatherApp.release.xcconfig */,
			);
			path = Pods;
			sourceTree = "<group>";
		};
/* End PBXGroup section */

/* Begin PBXNativeTarget section */
		567C845D24267FDD00D4A8CC /* WeatherApp */ = {
			isa = PBXNativeTarget;
			buildConfigurationList = 567C847224267FDF00D4A8CC /* Build configuration list for PBXNativeTarget "WeatherApp" */;
			buildPhases = (
				56BA3FFD24803C3F0074496F /* ShellScript */,
				88706A398C49E2169A1C61DE /* [CP] Check Pods Manifest.lock */,
				567C845A24267FDD00D4A8CC /* Sources */,
				567C845B24267FDD00D4A8CC /* Frameworks */,
				567C845C24267FDD00D4A8CC /* Resources */,
			);
			buildRules = (
			);
			dependencies = (
			);
			name = WeatherApp;
			productName = WeatherApp;
			productReference = 567C845E24267FDD00D4A8CC /* WeatherApp.app */;
			productType = "com.apple.product-type.application";
		};
/* End PBXNativeTarget section */

/* Begin PBXProject section */
		567C845624267FDD00D4A8CC /* Project object */ = {
			isa = PBXProject;
			attributes = {
				LastSwiftUpdateCheck = 1130;
				LastUpgradeCheck = 1240;
				ORGANIZATIONNAME = YuryRadetsky;
				TargetAttributes = {
					567C845D24267FDD00D4A8CC = {
						CreatedOnToolsVersion = 11.3.1;
					};
				};
			};
			buildConfigurationList = 567C845924267FDD00D4A8CC /* Build configuration list for PBXProject "WeatherApp" */;
			compatibilityVersion = "Xcode 9.3";
			developmentRegion = en;
			hasScannedForEncodings = 0;
			knownRegions = (
				en,
				Base,
			);
			mainGroup = 567C845524267FDD00D4A8CC;
			productRefGroup = 567C845F24267FDD00D4A8CC /* Products */;
			projectDirPath = "";
			projectRoot = "";
			targets = (
				567C845D24267FDD00D4A8CC /* WeatherApp */,
			);
		};
/* End PBXProject section */

/* Begin PBXResourcesBuildPhase section */
		567C845C24267FDD00D4A8CC /* Resources */ = {
			isa = PBXResourcesBuildPhase;
			buildActionMask = 2147483647;
			files = (
				567C846E24267FDF00D4A8CC /* LaunchScreen.storyboard in Resources */,
				567C846B24267FDE00D4A8CC /* Assets.xcassets in Resources */,
				567C846924267FDD00D4A8CC /* Main.storyboard in Resources */,
			);
			runOnlyForDeploymentPostprocessing = 0;
		};
/* End PBXResourcesBuildPhase section */

/* Begin PBXShellScriptBuildPhase section */
		56BA3FFD24803C3F0074496F /* ShellScript */ = {
			isa = PBXShellScriptBuildPhase;
			buildActionMask = 2147483647;
			files = (
			);
			inputFileListPaths = (
			);
			inputPaths = (
			);
			outputFileListPaths = (
			);
			outputPaths = (
			);
			runOnlyForDeploymentPostprocessing = 0;
			shellPath = /bin/sh;
			shellScript = "# Type a script or drag a script file from your workspace to insert its path.\n${PODS_ROOT}/SwiftLint/swiftlint\n";
		};
		88706A398C49E2169A1C61DE /* [CP] Check Pods Manifest.lock */ = {
			isa = PBXShellScriptBuildPhase;
			buildActionMask = 2147483647;
			files = (
			);
			inputFileListPaths = (
			);
			inputPaths = (
				"${PODS_PODFILE_DIR_PATH}/Podfile.lock",
				"${PODS_ROOT}/Manifest.lock",
			);
			name = "[CP] Check Pods Manifest.lock";
			outputFileListPaths = (
			);
			outputPaths = (
				"$(DERIVED_FILE_DIR)/Pods-WeatherApp-checkManifestLockResult.txt",
			);
			runOnlyForDeploymentPostprocessing = 0;
			shellPath = /bin/sh;
			shellScript = "diff \"${PODS_PODFILE_DIR_PATH}/Podfile.lock\" \"${PODS_ROOT}/Manifest.lock\" > /dev/null\nif [ $? != 0 ] ; then\n    # print error to STDERR\n    echo \"error: The sandbox is not in sync with the Podfile.lock. Run 'pod install' or update your CocoaPods installation.\" >&2\n    exit 1\nfi\n# This output is used by Xcode 'outputs' to avoid re-running this script phase.\necho \"SUCCESS\" > \"${SCRIPT_OUTPUT_FILE_0}\"\n";
			showEnvVarsInLog = 0;
		};
/* End PBXShellScriptBuildPhase section */

/* Begin PBXSourcesBuildPhase section */
		567C845A24267FDD00D4A8CC /* Sources */ = {
			isa = PBXSourcesBuildPhase;
			buildActionMask = 2147483647;
			files = (
				5699AFB4247B151C002AB8F5 /* FavoriteViewController.swift in Sources */,
				5678723E247F09AC00A42970 /* Alert.swift in Sources */,
				5643263524548CDF0011A044 /* SearchViewController.swift in Sources */,
				56B990512463374A0002F5D9 /* Image.swift in Sources */,
				56247B61260A2CFF00A61063 /* NetworkDataFetcher.swift in Sources */,
				567C846624267FDD00D4A8CC /* LocationViewController.swift in Sources */,
				5699AFAE247A9A90002AB8F5 /* FavoriteTableViewController.swift in Sources */,
				5643263B2454C9960011A044 /* DataFetcherService.swift in Sources */,
				560E018D260B5CC900DDE5E6 /* apiManager.swift in Sources */,
				56DB0983244E0FD7004AECD2 /* WeatherStruct.swift in Sources */,
				56ACDCE3260B4D78007ECE8F /* OpenWeatherAPI.swift in Sources */,
				5699AFB2247AD1DA002AB8F5 /* UserSettings.swift in Sources */,
				567C846224267FDD00D4A8CC /* AppDelegate.swift in Sources */,
				567C846424267FDD00D4A8CC /* SceneDelegate.swift in Sources */,
				56B9904F246332FA0002F5D9 /* Gradient.swift in Sources */,
			);
			runOnlyForDeploymentPostprocessing = 0;
		};
/* End PBXSourcesBuildPhase section */

/* Begin PBXVariantGroup section */
		567C846724267FDD00D4A8CC /* Main.storyboard */ = {
			isa = PBXVariantGroup;
			children = (
				567C846824267FDD00D4A8CC /* Base */,
			);
			name = Main.storyboard;
			sourceTree = "<group>";
		};
		567C846C24267FDF00D4A8CC /* LaunchScreen.storyboard */ = {
			isa = PBXVariantGroup;
			children = (
				567C846D24267FDF00D4A8CC /* Base */,
			);
			name = LaunchScreen.storyboard;
			sourceTree = "<group>";
		};
/* End PBXVariantGroup section */

/* Begin XCBuildConfiguration section */
		567C847024267FDF00D4A8CC /* Debug */ = {
			isa = XCBuildConfiguration;
			buildSettings = {
				ALWAYS_SEARCH_USER_PATHS = NO;
				CLANG_ANALYZER_NONNULL = YES;
				CLANG_ANALYZER_NUMBER_OBJECT_CONVERSION = YES_AGGRESSIVE;
				CLANG_CXX_LANGUAGE_STANDARD = "gnu++14";
				CLANG_CXX_LIBRARY = "libc++";
				CLANG_ENABLE_MODULES = YES;
				CLANG_ENABLE_OBJC_ARC = YES;
				CLANG_ENABLE_OBJC_WEAK = YES;
				CLANG_WARN_BLOCK_CAPTURE_AUTORELEASING = YES;
				CLANG_WARN_BOOL_CONVERSION = YES;
				CLANG_WARN_COMMA = YES;
				CLANG_WARN_CONSTANT_CONVERSION = YES;
				CLANG_WARN_DEPRECATED_OBJC_IMPLEMENTATIONS = YES;
				CLANG_WARN_DIRECT_OBJC_ISA_USAGE = YES_ERROR;
				CLANG_WARN_DOCUMENTATION_COMMENTS = YES;
				CLANG_WARN_EMPTY_BODY = YES;
				CLANG_WARN_ENUM_CONVERSION = YES;
				CLANG_WARN_INFINITE_RECURSION = YES;
				CLANG_WARN_INT_CONVERSION = YES;
				CLANG_WARN_NON_LITERAL_NULL_CONVERSION = YES;
				CLANG_WARN_OBJC_IMPLICIT_RETAIN_SELF = YES;
				CLANG_WARN_OBJC_LITERAL_CONVERSION = YES;
				CLANG_WARN_OBJC_ROOT_CLASS = YES_ERROR;
				CLANG_WARN_QUOTED_INCLUDE_IN_FRAMEWORK_HEADER = YES;
				CLANG_WARN_RANGE_LOOP_ANALYSIS = YES;
				CLANG_WARN_STRICT_PROTOTYPES = YES;
				CLANG_WARN_SUSPICIOUS_MOVE = YES;
				CLANG_WARN_UNGUARDED_AVAILABILITY = YES_AGGRESSIVE;
				CLANG_WARN_UNREACHABLE_CODE = YES;
				CLANG_WARN__DUPLICATE_METHOD_MATCH = YES;
				COPY_PHASE_STRIP = NO;
				DEBUG_INFORMATION_FORMAT = dwarf;
				ENABLE_STRICT_OBJC_MSGSEND = YES;
				ENABLE_TESTABILITY = YES;
				GCC_C_LANGUAGE_STANDARD = gnu11;
				GCC_DYNAMIC_NO_PIC = NO;
				GCC_NO_COMMON_BLOCKS = YES;
				GCC_OPTIMIZATION_LEVEL = 0;
				GCC_PREPROCESSOR_DEFINITIONS = (
					"DEBUG=1",
					"$(inherited)",
				);
				GCC_WARN_64_TO_32_BIT_CONVERSION = YES;
				GCC_WARN_ABOUT_RETURN_TYPE = YES_ERROR;
				GCC_WARN_UNDECLARED_SELECTOR = YES;
				GCC_WARN_UNINITIALIZED_AUTOS = YES_AGGRESSIVE;
				GCC_WARN_UNUSED_FUNCTION = YES;
				GCC_WARN_UNUSED_VARIABLE = YES;
				IPHONEOS_DEPLOYMENT_TARGET = 13.2;
				MTL_ENABLE_DEBUG_INFO = INCLUDE_SOURCE;
				MTL_FAST_MATH = YES;
				ONLY_ACTIVE_ARCH = YES;
				SDKROOT = iphoneos;
				SWIFT_ACTIVE_COMPILATION_CONDITIONS = DEBUG;
				SWIFT_OPTIMIZATION_LEVEL = "-Onone";
			};
			name = Debug;
		};
		567C847124267FDF00D4A8CC /* Release */ = {
			isa = XCBuildConfiguration;
			buildSettings = {
				ALWAYS_SEARCH_USER_PATHS = NO;
				CLANG_ANALYZER_NONNULL = YES;
				CLANG_ANALYZER_NUMBER_OBJECT_CONVERSION = YES_AGGRESSIVE;
				CLANG_CXX_LANGUAGE_STANDARD = "gnu++14";
				CLANG_CXX_LIBRARY = "libc++";
				CLANG_ENABLE_MODULES = YES;
				CLANG_ENABLE_OBJC_ARC = YES;
				CLANG_ENABLE_OBJC_WEAK = YES;
				CLANG_WARN_BLOCK_CAPTURE_AUTORELEASING = YES;
				CLANG_WARN_BOOL_CONVERSION = YES;
				CLANG_WARN_COMMA = YES;
				CLANG_WARN_CONSTANT_CONVERSION = YES;
				CLANG_WARN_DEPRECATED_OBJC_IMPLEMENTATIONS = YES;
				CLANG_WARN_DIRECT_OBJC_ISA_USAGE = YES_ERROR;
				CLANG_WARN_DOCUMENTATION_COMMENTS = YES;
				CLANG_WARN_EMPTY_BODY = YES;
				CLANG_WARN_ENUM_CONVERSION = YES;
				CLANG_WARN_INFINITE_RECURSION = YES;
				CLANG_WARN_INT_CONVERSION = YES;
				CLANG_WARN_NON_LITERAL_NULL_CONVERSION = YES;
				CLANG_WARN_OBJC_IMPLICIT_RETAIN_SELF = YES;
				CLANG_WARN_OBJC_LITERAL_CONVERSION = YES;
				CLANG_WARN_OBJC_ROOT_CLASS = YES_ERROR;
				CLANG_WARN_QUOTED_INCLUDE_IN_FRAMEWORK_HEADER = YES;
				CLANG_WARN_RANGE_LOOP_ANALYSIS = YES;
				CLANG_WARN_STRICT_PROTOTYPES = YES;
				CLANG_WARN_SUSPICIOUS_MOVE = YES;
				CLANG_WARN_UNGUARDED_AVAILABILITY = YES_AGGRESSIVE;
				CLANG_WARN_UNREACHABLE_CODE = YES;
				CLANG_WARN__DUPLICATE_METHOD_MATCH = YES;
				COPY_PHASE_STRIP = NO;
				DEBUG_INFORMATION_FORMAT = "dwarf-with-dsym";
				ENABLE_NS_ASSERTIONS = NO;
				ENABLE_STRICT_OBJC_MSGSEND = YES;
				GCC_C_LANGUAGE_STANDARD = gnu11;
				GCC_NO_COMMON_BLOCKS = YES;
				GCC_WARN_64_TO_32_BIT_CONVERSION = YES;
				GCC_WARN_ABOUT_RETURN_TYPE = YES_ERROR;
				GCC_WARN_UNDECLARED_SELECTOR = YES;
				GCC_WARN_UNINITIALIZED_AUTOS = YES_AGGRESSIVE;
				GCC_WARN_UNUSED_FUNCTION = YES;
				GCC_WARN_UNUSED_VARIABLE = YES;
				IPHONEOS_DEPLOYMENT_TARGET = 13.2;
				MTL_ENABLE_DEBUG_INFO = NO;
				MTL_FAST_MATH = YES;
				SDKROOT = iphoneos;
				SWIFT_COMPILATION_MODE = wholemodule;
				SWIFT_OPTIMIZATION_LEVEL = "-O";
				VALIDATE_PRODUCT = YES;
			};
			name = Release;
		};
		567C847324267FDF00D4A8CC /* Debug */ = {
			isa = XCBuildConfiguration;
			baseConfigurationReference = 3CA0C66B610010D28E9B7BDC /* Pods-WeatherApp.debug.xcconfig */;
			buildSettings = {
				ASSETCATALOG_COMPILER_APPICON_NAME = AppIcon;
				CODE_SIGN_STYLE = Automatic;
				DEVELOPMENT_ASSET_PATHS = "";
				DEVELOPMENT_TEAM = 9K6AYYMA8R;
				INFOPLIST_FILE = "WeatherApp/Supporting files/Info.plist";
				LD_RUNPATH_SEARCH_PATHS = (
					"$(inherited)",
					"@executable_path/Frameworks",
				);
				PRODUCT_BUNDLE_IDENTIFIER = YuryRadetsky.WeatherApp;
				PRODUCT_NAME = "$(TARGET_NAME)";
				SWIFT_VERSION = 5.0;
				TARGETED_DEVICE_FAMILY = "1,2";
			};
			name = Debug;
		};
		567C847424267FDF00D4A8CC /* Release */ = {
			isa = XCBuildConfiguration;
			baseConfigurationReference = 4B4B0541A2F08CA1CB295666 /* Pods-WeatherApp.release.xcconfig */;
			buildSettings = {
				ASSETCATALOG_COMPILER_APPICON_NAME = AppIcon;
				CODE_SIGN_STYLE = Automatic;
				DEVELOPMENT_ASSET_PATHS = "";
				DEVELOPMENT_TEAM = 9K6AYYMA8R;
				INFOPLIST_FILE = "WeatherApp/Supporting files/Info.plist";
				LD_RUNPATH_SEARCH_PATHS = (
					"$(inherited)",
					"@executable_path/Frameworks",
				);
				PRODUCT_BUNDLE_IDENTIFIER = YuryRadetsky.WeatherApp;
				PRODUCT_NAME = "$(TARGET_NAME)";
				SWIFT_VERSION = 5.0;
				TARGETED_DEVICE_FAMILY = "1,2";
			};
			name = Release;
		};
/* End XCBuildConfiguration section */

/* Begin XCConfigurationList section */
		567C845924267FDD00D4A8CC /* Build configuration list for PBXProject "WeatherApp" */ = {
			isa = XCConfigurationList;
			buildConfigurations = (
				567C847024267FDF00D4A8CC /* Debug */,
				567C847124267FDF00D4A8CC /* Release */,
			);
			defaultConfigurationIsVisible = 0;
			defaultConfigurationName = Release;
		};
		567C847224267FDF00D4A8CC /* Build configuration list for PBXNativeTarget "WeatherApp" */ = {
			isa = XCConfigurationList;
			buildConfigurations = (
				567C847324267FDF00D4A8CC /* Debug */,
				567C847424267FDF00D4A8CC /* Release */,
			);
			defaultConfigurationIsVisible = 0;
			defaultConfigurationName = Release;
		};
/* End XCConfigurationList section */
	};
	rootObject = 567C845624267FDD00D4A8CC /* Project object */;
}
